
Microsoft Visual Studio Solution File, Format Version 12.00
# Visual Studio Version 17
VisualStudioVersion = 17.8.34309.116
MinimumVisualStudioVersion = 10.0.40219.1
Project("{FAE04EC0-301F-11D3-BF4B-00C04F79EFBC}") = "AWSExame", "AWSExame.csproj", "{2AA93AA8-8F0C-46E2-BE87-6A9E553205A3}"
EndProject
Global
	GlobalSection(SolutionConfigurationPlatforms) = preSolution
		Debug|Any CPU = Debug|Any CPU
		Release|Any CPU = Release|Any CPU
	EndGlobalSection
	GlobalSection(ProjectConfigurationPlatforms) = postSolution
		{2AA93AA8-8F0C-46E2-BE87-6A9E553205A3}.Debug|Any CPU.ActiveCfg = Debug|Any CPU
		{2AA93AA8-8F0C-46E2-BE87-6A9E553205A3}.Debug|Any CPU.Build.0 = Debug|Any CPU
		{2AA93AA8-8F0C-46E2-BE87-6A9E553205A3}.Release|Any CPU.ActiveCfg = Release|Any CPU
		{2AA93AA8-8F0C-46E2-BE87-6A9E553205A3}.Release|Any CPU.Build.0 = Release|Any CPU
	EndGlobalSection
	GlobalSection(SolutionProperties) = preSolution
		HideSolutionNode = FALSE
	EndGlobalSection
	GlobalSection(ExtensibilityGlobals) = postSolution
		SolutionGuid = {7ED67B67-2A6C-4B0F-9C3D-E31E55C5EFD7}
	EndGlobalSection
EndGlobal
